
Microsoft Visual Studio Solution File, Format Version 12.00
# Visual Studio Version 17
VisualStudioVersion = 17.5.2.0
MinimumVisualStudioVersion = 10.0.40219.1
Project("{FAE04EC0-301F-11D3-BF4B-00C04F79EFBC}") = "ChobiLibCS", "ChobiLibCS.csproj", "{8BCA5EAE-DDED-C5C1-DBB9-BFF112A0135A}"
EndProject
Global
	GlobalSection(SolutionConfigurationPlatforms) = preSolution
		Debug|Any CPU = Debug|Any CPU
		Debug|x64 = Debug|x64
		Debug|x86 = Debug|x86
		Release|Any CPU = Release|Any CPU
		Release|x64 = Release|x64
		Release|x86 = Release|x86
	EndGlobalSection
	GlobalSection(ProjectConfigurationPlatforms) = postSolution
		{8BCA5EAE-DDED-C5C1-DBB9-BFF112A0135A}.Debug|Any CPU.ActiveCfg = Debug|Any CPU
		{8BCA5EAE-DDED-C5C1-DBB9-BFF112A0135A}.Debug|Any CPU.Build.0 = Debug|Any CPU
		{8BCA5EAE-DDED-C5C1-DBB9-BFF112A0135A}.Debug|x64.ActiveCfg = Debug|Any CPU
		{8BCA5EAE-DDED-C5C1-DBB9-BFF112A0135A}.Debug|x64.Build.0 = Debug|Any CPU
		{8BCA5EAE-DDED-C5C1-DBB9-BFF112A0135A}.Debug|x86.ActiveCfg = Debug|Any CPU
		{8BCA5EAE-DDED-C5C1-DBB9-BFF112A0135A}.Debug|x86.Build.0 = Debug|Any CPU
		{8BCA5EAE-DDED-C5C1-DBB9-BFF112A0135A}.Release|Any CPU.ActiveCfg = Release|Any CPU
		{8BCA5EAE-DDED-C5C1-DBB9-BFF112A0135A}.Release|Any CPU.Build.0 = Release|Any CPU
		{8BCA5EAE-DDED-C5C1-DBB9-BFF112A0135A}.Release|x64.ActiveCfg = Release|Any CPU
		{8BCA5EAE-DDED-C5C1-DBB9-BFF112A0135A}.Release|x64.Build.0 = Release|Any CPU
		{8BCA5EAE-DDED-C5C1-DBB9-BFF112A0135A}.Release|x86.ActiveCfg = Release|Any CPU
		{8BCA5EAE-DDED-C5C1-DBB9-BFF112A0135A}.Release|x86.Build.0 = Release|Any CPU
		{9ABDA302-45A4-45EE-AB32-CAE17077F7BB}.Debug|Any CPU.ActiveCfg = Debug|Any CPU
		{9ABDA302-45A4-45EE-AB32-CAE17077F7BB}.Debug|Any CPU.Build.0 = Debug|Any CPU
		{9ABDA302-45A4-45EE-AB32-CAE17077F7BB}.Debug|x64.ActiveCfg = Debug|Any CPU
		{9ABDA302-45A4-45EE-AB32-CAE17077F7BB}.Debug|x64.Build.0 = Debug|Any CPU
		{9ABDA302-45A4-45EE-AB32-CAE17077F7BB}.Debug|x86.ActiveCfg = Debug|Any CPU
		{9ABDA302-45A4-45EE-AB32-CAE17077F7BB}.Debug|x86.Build.0 = Debug|Any CPU
		{9ABDA302-45A4-45EE-AB32-CAE17077F7BB}.Release|Any CPU.ActiveCfg = Release|Any CPU
		{9ABDA302-45A4-45EE-AB32-CAE17077F7BB}.Release|Any CPU.Build.0 = Release|Any CPU
		{9ABDA302-45A4-45EE-AB32-CAE17077F7BB}.Release|x64.ActiveCfg = Release|Any CPU
		{9ABDA302-45A4-45EE-AB32-CAE17077F7BB}.Release|x64.Build.0 = Release|Any CPU
		{9ABDA302-45A4-45EE-AB32-CAE17077F7BB}.Release|x86.ActiveCfg = Release|Any CPU
		{9ABDA302-45A4-45EE-AB32-CAE17077F7BB}.Release|x86.Build.0 = Release|Any CPU
	EndGlobalSection
	GlobalSection(SolutionProperties) = preSolution
		HideSolutionNode = FALSE
	EndGlobalSection
	GlobalSection(ExtensibilityGlobals) = postSolution
		SolutionGuid = {49BAE0ED-6E1F-4DF6-B5F6-E8B32A1FA60B}
	EndGlobalSection
EndGlobal
